
Microsoft Visual Studio Solution File, Format Version 12.00
# Visual Studio Version 16
VisualStudioVersion = 16.0.32802.440
MinimumVisualStudioVersion = 10.0.40219.1
Project("{9A19103F-16F7-4668-BE54-9A1E7A4F7556}") = "CSPharmacyMedicineSupplyMicroservice", "CSPharmacyMedicineSupplyMicroservice.csproj", "{6A1F40E7-C0AF-483E-8870-7856DC6C272A}"
EndProject
Global
	GlobalSection(SolutionConfigurationPlatforms) = preSolution
		Debug|Any CPU = Debug|Any CPU
		Release|Any CPU = Release|Any CPU
	EndGlobalSection
	GlobalSection(ProjectConfigurationPlatforms) = postSolution
		{6A1F40E7-C0AF-483E-8870-7856DC6C272A}.Debug|Any CPU.ActiveCfg = Debug|Any CPU
		{6A1F40E7-C0AF-483E-8870-7856DC6C272A}.Debug|Any CPU.Build.0 = Debug|Any CPU
		{6A1F40E7-C0AF-483E-8870-7856DC6C272A}.Release|Any CPU.ActiveCfg = Release|Any CPU
		{6A1F40E7-C0AF-483E-8870-7856DC6C272A}.Release|Any CPU.Build.0 = Release|Any CPU
	EndGlobalSection
	GlobalSection(SolutionProperties) = preSolution
		HideSolutionNode = FALSE
	EndGlobalSection
	GlobalSection(ExtensibilityGlobals) = postSolution
		SolutionGuid = {078E170E-9D7B-4EF3-A250-4A75D903912A}
	EndGlobalSection
EndGlobal
